
Microsoft Visual Studio Solution File, Format Version 12.00
# Visual Studio 15
VisualStudioVersion = 15.0.28307.329
MinimumVisualStudioVersion = 10.0.40219.1
Project("{8BC9CEB8-8B4A-11D0-8D11-00A0C91BC942}") = "Sig Test", "Sig Test\Sig Test.vcxproj", "{04A8839D-E7AA-42FA-ABD9-C449FAF3FBE0}"
EndProject
Global
	GlobalSection(SolutionConfigurationPlatforms) = preSolution
		Debug|x64 = Debug|x64
		Debug|x86 = Debug|x86
		Release|x64 = Release|x64
		Release|x86 = Release|x86
	EndGlobalSection
	GlobalSection(ProjectConfigurationPlatforms) = postSolution
		{04A8839D-E7AA-42FA-ABD9-C449FAF3FBE0}.Debug|x64.ActiveCfg = Debug|x64
		{04A8839D-E7AA-42FA-ABD9-C449FAF3FBE0}.Debug|x64.Build.0 = Debug|x64
		{04A8839D-E7AA-42FA-ABD9-C449FAF3FBE0}.Debug|x86.ActiveCfg = Debug|Win32
		{04A8839D-E7AA-42FA-ABD9-C449FAF3FBE0}.Debug|x86.Build.0 = Debug|Win32
		{04A8839D-E7AA-42FA-ABD9-C449FAF3FBE0}.Release|x64.ActiveCfg = Release|x64
		{04A8839D-E7AA-42FA-ABD9-C449FAF3FBE0}.Release|x64.Build.0 = Release|x64
		{04A8839D-E7AA-42FA-ABD9-C449FAF3FBE0}.Release|x86.ActiveCfg = Release|Win32
		{04A8839D-E7AA-42FA-ABD9-C449FAF3FBE0}.Release|x86.Build.0 = Release|Win32
	EndGlobalSection
	GlobalSection(SolutionProperties) = preSolution
		HideSolutionNode = FALSE
	EndGlobalSection
	GlobalSection(ExtensibilityGlobals) = postSolution
		SolutionGuid = {53E944D4-06CE-4A1A-9A3A-C5E858E92361}
	EndGlobalSection
EndGlobal
